
Microsoft Visual Studio Solution File, Format Version 12.00
# Visual Studio Version 16
VisualStudioVersion = 16.0.31729.503
MinimumVisualStudioVersion = 10.0.40219.1
Project("{FAE04EC0-301F-11D3-BF4B-00C04F79EFBC}") = "TUP_PI_Recuperatorio_1W4B", "TUP_PI_Recuperatorio_1W4B.csproj", "{D57DB51B-5C9A-499C-9DCE-0590A16E73CE}"
EndProject
Global
	GlobalSection(SolutionConfigurationPlatforms) = preSolution
		Debug|Any CPU = Debug|Any CPU
		Release|Any CPU = Release|Any CPU
	EndGlobalSection
	GlobalSection(ProjectConfigurationPlatforms) = postSolution
		{D57DB51B-5C9A-499C-9DCE-0590A16E73CE}.Debug|Any CPU.ActiveCfg = Debug|Any CPU
		{D57DB51B-5C9A-499C-9DCE-0590A16E73CE}.Debug|Any CPU.Build.0 = Debug|Any CPU
		{D57DB51B-5C9A-499C-9DCE-0590A16E73CE}.Release|Any CPU.ActiveCfg = Release|Any CPU
		{D57DB51B-5C9A-499C-9DCE-0590A16E73CE}.Release|Any CPU.Build.0 = Release|Any CPU
	EndGlobalSection
	GlobalSection(SolutionProperties) = preSolution
		HideSolutionNode = FALSE
	EndGlobalSection
	GlobalSection(ExtensibilityGlobals) = postSolution
		SolutionGuid = {64A7673F-8296-46F8-8531-D953CEBA7D3C}
	EndGlobalSection
EndGlobal
